// !$*UTF8*$!
{
	archiveVersion = 1;
	classes = {
	};
	objectVersion = 56;
	objects = {

/* Begin PBXBuildFile section */
		2C9CB42C2C8AA719000410C6 /* AppDelegate.swift in Sources */ = {isa = PBXBuildFile; fileRef = 2C9CB42B2C8AA719000410C6 /* AppDelegate.swift */; };
		2C9CB42E2C8AA719000410C6 /* ViewController.swift in Sources */ = {isa = PBXBuildFile; fileRef = 2C9CB42D2C8AA719000410C6 /* ViewController.swift */; };
		2C9CB4302C8AA71A000410C6 /* Assets.xcassets in Resources */ = {isa = PBXBuildFile; fileRef = 2C9CB42F2C8AA71A000410C6 /* Assets.xcassets */; };
		2C9CB4332C8AA71A000410C6 /* Base in Resources */ = {isa = PBXBuildFile; fileRef = 2C9CB4322C8AA71A000410C6 /* Base */; };
		2C9CB43E2C8AA71A000410C6 /* CopyBoardTests.swift in Sources */ = {isa = PBXBuildFile; fileRef = 2C9CB43D2C8AA71A000410C6 /* CopyBoardTests.swift */; };
		2C9CB4482C8AA71A000410C6 /* CopyBoardUITests.swift in Sources */ = {isa = PBXBuildFile; fileRef = 2C9CB4472C8AA71A000410C6 /* CopyBoardUITests.swift */; };
		2C9CB44A2C8AA71A000410C6 /* CopyBoardUITestsLaunchTests.swift in Sources */ = {isa = PBXBuildFile; fileRef = 2C9CB4492C8AA71A000410C6 /* CopyBoardUITestsLaunchTests.swift */; };
/* End PBXBuildFile section */

/* Begin PBXContainerItemProxy section */
		2C9CB43A2C8AA71A000410C6 /* PBXContainerItemProxy */ = {
			isa = PBXContainerItemProxy;
			containerPortal = 2C9CB4202C8AA719000410C6 /* Project object */;
			proxyType = 1;
			remoteGlobalIDString = 2C9CB4272C8AA719000410C6;
			remoteInfo = CopyBoard;
		};
		2C9CB4442C8AA71A000410C6 /* PBXContainerItemProxy */ = {
			isa = PBXContainerItemProxy;
			containerPortal = 2C9CB4202C8AA719000410C6 /* Project object */;
			proxyType = 1;
			remoteGlobalIDString = 2C9CB4272C8AA719000410C6;
			remoteInfo = CopyBoard;
		};
/* End PBXContainerItemProxy section */

/* Begin PBXFileReference section */
		2C9CB4282C8AA719000410C6 /* CopyBoard.app */ = {isa = PBXFileReference; explicitFileType = wrapper.application; includeInIndex = 0; path = CopyBoard.app; sourceTree = BUILT_PRODUCTS_DIR; };
		2C9CB42B2C8AA719000410C6 /* AppDelegate.swift */ = {isa = PBXFileReference; lastKnownFileType = sourcecode.swift; path = AppDelegate.swift; sourceTree = "<group>"; };
		2C9CB42D2C8AA719000410C6 /* ViewController.swift */ = {isa = PBXFileReference; lastKnownFileType = sourcecode.swift; path = ViewController.swift; sourceTree = "<group>"; };
		2C9CB42F2C8AA71A000410C6 /* Assets.xcassets */ = {isa = PBXFileReference; lastKnownFileType = folder.assetcatalog; path = Assets.xcassets; sourceTree = "<group>"; };
		2C9CB4322C8AA71A000410C6 /* Base */ = {isa = PBXFileReference; lastKnownFileType = file.storyboard; name = Base; path = Base.lproj/Main.storyboard; sourceTree = "<group>"; };
		2C9CB4342C8AA71A000410C6 /* CopyBoard.entitlements */ = {isa = PBXFileReference; lastKnownFileType = text.plist.entitlements; path = CopyBoard.entitlements; sourceTree = "<group>"; };
		2C9CB4392C8AA71A000410C6 /* CopyBoardTests.xctest */ = {isa = PBXFileReference; explicitFileType = wrapper.cfbundle; includeInIndex = 0; path = CopyBoardTests.xctest; sourceTree = BUILT_PRODUCTS_DIR; };
		2C9CB43D2C8AA71A000410C6 /* CopyBoardTests.swift */ = {isa = PBXFileReference; lastKnownFileType = sourcecode.swift; path = CopyBoardTests.swift; sourceTree = "<group>"; };
		2C9CB4432C8AA71A000410C6 /* CopyBoardUITests.xctest */ = {isa = PBXFileReference; explicitFileType = wrapper.cfbundle; includeInIndex = 0; path = CopyBoardUITests.xctest; sourceTree = BUILT_PRODUCTS_DIR; };
		2C9CB4472C8AA71A000410C6 /* CopyBoardUITests.swift */ = {isa = PBXFileReference; lastKnownFileType = sourcecode.swift; path = CopyBoardUITests.swift; sourceTree = "<group>"; };
		2C9CB4492C8AA71A000410C6 /* CopyBoardUITestsLaunchTests.swift */ = {isa = PBXFileReference; lastKnownFileType = sourcecode.swift; path = CopyBoardUITestsLaunchTests.swift; sourceTree = "<group>"; };
/* End PBXFileReference section */

/* Begin PBXFrameworksBuildPhase section */
		2C9CB4252C8AA719000410C6 /* Frameworks */ = {
			isa = PBXFrameworksBuildPhase;
			buildActionMask = 2147483647;
			files = (
			);
			runOnlyForDeploymentPostprocessing = 0;
		};
		2C9CB4362C8AA71A000410C6 /* Frameworks */ = {
			isa = PBXFrameworksBuildPhase;
			buildActionMask = 2147483647;
			files = (
			);
			runOnlyForDeploymentPostprocessing = 0;
		};
		2C9CB4402C8AA71A000410C6 /* Frameworks */ = {
			isa = PBXFrameworksBuildPhase;
			buildActionMask = 2147483647;
			files = (
			);
			runOnlyForDeploymentPostprocessing = 0;
		};
/* End PBXFrameworksBuildPhase section */

/* Begin PBXGroup section */
		2C9CB41F2C8AA719000410C6 = {
			isa = PBXGroup;
			children = (
				2C9CB42A2C8AA719000410C6 /* CopyBoard */,
				2C9CB43C2C8AA71A000410C6 /* CopyBoardTests */,
				2C9CB4462C8AA71A000410C6 /* CopyBoardUITests */,
				2C9CB4292C8AA719000410C6 /* Products */,
			);
			sourceTree = "<group>";
		};
		2C9CB4292C8AA719000410C6 /* Products */ = {
			isa = PBXGroup;
			children = (
				2C9CB4282C8AA719000410C6 /* CopyBoard.app */,
				2C9CB4392C8AA71A000410C6 /* CopyBoardTests.xctest */,
				2C9CB4432C8AA71A000410C6 /* CopyBoardUITests.xctest */,
			);
			name = Products;
			sourceTree = "<group>";
		};
		2C9CB42A2C8AA719000410C6 /* CopyBoard */ = {
			isa = PBXGroup;
			children = (
				2C9CB42B2C8AA719000410C6 /* AppDelegate.swift */,
				2C9CB42D2C8AA719000410C6 /* ViewController.swift */,
				2C9CB42F2C8AA71A000410C6 /* Assets.xcassets */,
				2C9CB4312C8AA71A000410C6 /* Main.storyboard */,
				2C9CB4342C8AA71A000410C6 /* CopyBoard.entitlements */,
			);
			path = CopyBoard;
			sourceTree = "<group>";
		};
		2C9CB43C2C8AA71A000410C6 /* CopyBoardTests */ = {
			isa = PBXGroup;
			children = (
				2C9CB43D2C8AA71A000410C6 /* CopyBoardTests.swift */,
			);
			path = CopyBoardTests;
			sourceTree = "<group>";
		};
		2C9CB4462C8AA71A000410C6 /* CopyBoardUITests */ = {
			isa = PBXGroup;
			children = (
				2C9CB4472C8AA71A000410C6 /* CopyBoardUITests.swift */,
				2C9CB4492C8AA71A000410C6 /* CopyBoardUITestsLaunchTests.swift */,
			);
			path = CopyBoardUITests;
			sourceTree = "<group>";
		};
/* End PBXGroup section */

/* Begin PBXNativeTarget section */
		2C9CB4272C8AA719000410C6 /* CopyBoard */ = {
			isa = PBXNativeTarget;
			buildConfigurationList = 2C9CB44D2C8AA71A000410C6 /* Build configuration list for PBXNativeTarget "CopyBoard" */;
			buildPhases = (
				2C9CB4242C8AA719000410C6 /* Sources */,
				2C9CB4252C8AA719000410C6 /* Frameworks */,
				2C9CB4262C8AA719000410C6 /* Resources */,
			);
			buildRules = (
			);
			dependencies = (
			);
			name = CopyBoard;
			productName = CopyBoard;
			productReference = 2C9CB4282C8AA719000410C6 /* CopyBoard.app */;
			productType = "com.apple.product-type.application";
		};
		2C9CB4382C8AA71A000410C6 /* CopyBoardTests */ = {
			isa = PBXNativeTarget;
			buildConfigurationList = 2C9CB4502C8AA71A000410C6 /* Build configuration list for PBXNativeTarget "CopyBoardTests" */;
			buildPhases = (
				2C9CB4352C8AA71A000410C6 /* Sources */,
				2C9CB4362C8AA71A000410C6 /* Frameworks */,
				2C9CB4372C8AA71A000410C6 /* Resources */,
			);
			buildRules = (
			);
			dependencies = (
				2C9CB43B2C8AA71A000410C6 /* PBXTargetDependency */,
			);
			name = CopyBoardTests;
			productName = CopyBoardTests;
			productReference = 2C9CB4392C8AA71A000410C6 /* CopyBoardTests.xctest */;
			productType = "com.apple.product-type.bundle.unit-test";
		};
		2C9CB4422C8AA71A000410C6 /* CopyBoardUITests */ = {
			isa = PBXNativeTarget;
			buildConfigurationList = 2C9CB4532C8AA71A000410C6 /* Build configuration list for PBXNativeTarget "CopyBoardUITests" */;
			buildPhases = (
				2C9CB43F2C8AA71A000410C6 /* Sources */,
				2C9CB4402C8AA71A000410C6 /* Frameworks */,
				2C9CB4412C8AA71A000410C6 /* Resources */,
			);
			buildRules = (
			);
			dependencies = (
				2C9CB4452C8AA71A000410C6 /* PBXTargetDependency */,
			);
			name = CopyBoardUITests;
			productName = CopyBoardUITests;
			productReference = 2C9CB4432C8AA71A000410C6 /* CopyBoardUITests.xctest */;
			productType = "com.apple.product-type.bundle.ui-testing";
		};
/* End PBXNativeTarget section */

/* Begin PBXProject section */
		2C9CB4202C8AA719000410C6 /* Project object */ = {
			isa = PBXProject;
			attributes = {
				BuildIndependentTargetsInParallel = 1;
				LastSwiftUpdateCheck = 1540;
				LastUpgradeCheck = 1640;
				TargetAttributes = {
					2C9CB4272C8AA719000410C6 = {
						CreatedOnToolsVersion = 15.4;
					};
					2C9CB4382C8AA71A000410C6 = {
						CreatedOnToolsVersion = 15.4;
						TestTargetID = 2C9CB4272C8AA719000410C6;
					};
					2C9CB4422C8AA71A000410C6 = {
						CreatedOnToolsVersion = 15.4;
						TestTargetID = 2C9CB4272C8AA719000410C6;
					};
				};
			};
			buildConfigurationList = 2C9CB4232C8AA719000410C6 /* Build configuration list for PBXProject "CopyBoard" */;
			compatibilityVersion = "Xcode 14.0";
			developmentRegion = en;
			hasScannedForEncodings = 0;
			knownRegions = (
				en,
				Base,
			);
			mainGroup = 2C9CB41F2C8AA719000410C6;
			productRefGroup = 2C9CB4292C8AA719000410C6 /* Products */;
			projectDirPath = "";
			projectRoot = "";
			targets = (
				2C9CB4272C8AA719000410C6 /* CopyBoard */,
				2C9CB4382C8AA71A000410C6 /* CopyBoardTests */,
				2C9CB4422C8AA71A000410C6 /* CopyBoardUITests */,
			);
		};
/* End PBXProject section */

/* Begin PBXResourcesBuildPhase section */
		2C9CB4262C8AA719000410C6 /* Resources */ = {
			isa = PBXResourcesBuildPhase;
			buildActionMask = 2147483647;
			files = (
				2C9CB4302C8AA71A000410C6 /* Assets.xcassets in Resources */,
				2C9CB4332C8AA71A000410C6 /* Base in Resources */,
			);
			runOnlyForDeploymentPostprocessing = 0;
		};
		2C9CB4372C8AA71A000410C6 /* Resources */ = {
			isa = PBXResourcesBuildPhase;
			buildActionMask = 2147483647;
			files = (
			);
			runOnlyForDeploymentPostprocessing = 0;
		};
		2C9CB4412C8AA71A000410C6 /* Resources */ = {
			isa = PBXResourcesBuildPhase;
			buildActionMask = 2147483647;
			files = (
			);
			runOnlyForDeploymentPostprocessing = 0;
		};
/* End PBXResourcesBuildPhase section */

/* Begin PBXSourcesBuildPhase section */
		2C9CB4242C8AA719000410C6 /* Sources */ = {
			isa = PBXSourcesBuildPhase;
			buildActionMask = 2147483647;
			files = (
				2C9CB42E2C8AA719000410C6 /* ViewController.swift in Sources */,
				2C9CB42C2C8AA719000410C6 /* AppDelegate.swift in Sources */,
			);
			runOnlyForDeploymentPostprocessing = 0;
		};
		2C9CB4352C8AA71A000410C6 /* Sources */ = {
			isa = PBXSourcesBuildPhase;
			buildActionMask = 2147483647;
			files = (
				2C9CB43E2C8AA71A000410C6 /* CopyBoardTests.swift in Sources */,
			);
			runOnlyForDeploymentPostprocessing = 0;
		};
		2C9CB43F2C8AA71A000410C6 /* Sources */ = {
			isa = PBXSourcesBuildPhase;
			buildActionMask = 2147483647;
			files = (
				2C9CB44A2C8AA71A000410C6 /* CopyBoardUITestsLaunchTests.swift in Sources */,
				2C9CB4482C8AA71A000410C6 /* CopyBoardUITests.swift in Sources */,
			);
			runOnlyForDeploymentPostprocessing = 0;
		};
/* End PBXSourcesBuildPhase section */

/* Begin PBXTargetDependency section */
		2C9CB43B2C8AA71A000410C6 /* PBXTargetDependency */ = {
			isa = PBXTargetDependency;
			target = 2C9CB4272C8AA719000410C6 /* CopyBoard */;
			targetProxy = 2C9CB43A2C8AA71A000410C6 /* PBXContainerItemProxy */;
		};
		2C9CB4452C8AA71A000410C6 /* PBXTargetDependency */ = {
			isa = PBXTargetDependency;
			target = 2C9CB4272C8AA719000410C6 /* CopyBoard */;
			targetProxy = 2C9CB4442C8AA71A000410C6 /* PBXContainerItemProxy */;
		};
/* End PBXTargetDependency section */

/* Begin PBXVariantGroup section */
		2C9CB4312C8AA71A000410C6 /* Main.storyboard */ = {
			isa = PBXVariantGroup;
			children = (
				2C9CB4322C8AA71A000410C6 /* Base */,
			);
			name = Main.storyboard;
			sourceTree = "<group>";
		};
/* End PBXVariantGroup section */

/* Begin XCBuildConfiguration section */
		2C9CB44B2C8AA71A000410C6 /* Debug */ = {
			isa = XCBuildConfiguration;
			buildSettings = {
				ALWAYS_SEARCH_USER_PATHS = NO;
				ASSETCATALOG_COMPILER_GENERATE_SWIFT_ASSET_SYMBOL_EXTENSIONS = YES;
				CLANG_ANALYZER_NONNULL = YES;
				CLANG_ANALYZER_NUMBER_OBJECT_CONVERSION = YES_AGGRESSIVE;
				CLANG_CXX_LANGUAGE_STANDARD = "gnu++20";
				CLANG_ENABLE_MODULES = YES;
				CLANG_ENABLE_OBJC_ARC = YES;
				CLANG_ENABLE_OBJC_WEAK = YES;
				CLANG_WARN_BLOCK_CAPTURE_AUTORELEASING = YES;
				CLANG_WARN_BOOL_CONVERSION = YES;
				CLANG_WARN_COMMA = YES;
				CLANG_WARN_CONSTANT_CONVERSION = YES;
				CLANG_WARN_DEPRECATED_OBJC_IMPLEMENTATIONS = YES;
				CLANG_WARN_DIRECT_OBJC_ISA_USAGE = YES_ERROR;
				CLANG_WARN_DOCUMENTATION_COMMENTS = YES;
				CLANG_WARN_EMPTY_BODY = YES;
				CLANG_WARN_ENUM_CONVERSION = YES;
				CLANG_WARN_INFINITE_RECURSION = YES;
				CLANG_WARN_INT_CONVERSION = YES;
				CLANG_WARN_NON_LITERAL_NULL_CONVERSION = YES;
				CLANG_WARN_OBJC_IMPLICIT_RETAIN_SELF = YES;
				CLANG_WARN_OBJC_LITERAL_CONVERSION = YES;
				CLANG_WARN_OBJC_ROOT_CLASS = YES_ERROR;
				CLANG_WARN_QUOTED_INCLUDE_IN_FRAMEWORK_HEADER = YES;
				CLANG_WARN_RANGE_LOOP_ANALYSIS = YES;
				CLANG_WARN_STRICT_PROTOTYPES = YES;
				CLANG_WARN_SUSPICIOUS_MOVE = YES;
				CLANG_WARN_UNGUARDED_AVAILABILITY = YES_AGGRESSIVE;
				CLANG_WARN_UNREACHABLE_CODE = YES;
				CLANG_WARN__DUPLICATE_METHOD_MATCH = YES;
				COPY_PHASE_STRIP = NO;
				DEAD_CODE_STRIPPING = YES;
				DEBUG_INFORMATION_FORMAT = dwarf;
				DEVELOPMENT_TEAM = ZRT8ZB9565;
				ENABLE_STRICT_OBJC_MSGSEND = YES;
				ENABLE_TESTABILITY = YES;
				ENABLE_USER_SCRIPT_SANDBOXING = YES;
				GCC_C_LANGUAGE_STANDARD = gnu17;
				GCC_DYNAMIC_NO_PIC = NO;
				GCC_NO_COMMON_BLOCKS = YES;
				GCC_OPTIMIZATION_LEVEL = 0;
				GCC_PREPROCESSOR_DEFINITIONS = (
					"DEBUG=1",
					"$(inherited)",
				);
				GCC_WARN_64_TO_32_BIT_CONVERSION = YES;
				GCC_WARN_ABOUT_RETURN_TYPE = YES_ERROR;
				GCC_WARN_UNDECLARED_SELECTOR = YES;
				GCC_WARN_UNINITIALIZED_AUTOS = YES_AGGRESSIVE;
				GCC_WARN_UNUSED_FUNCTION = YES;
				GCC_WARN_UNUSED_VARIABLE = YES;
				LOCALIZATION_PREFERS_STRING_CATALOGS = YES;
				MACOSX_DEPLOYMENT_TARGET = 14.5;
				MTL_ENABLE_DEBUG_INFO = INCLUDE_SOURCE;
				MTL_FAST_MATH = YES;
				ONLY_ACTIVE_ARCH = YES;
				SDKROOT = macosx;
				SWIFT_ACTIVE_COMPILATION_CONDITIONS = "DEBUG $(inherited)";
				SWIFT_OPTIMIZATION_LEVEL = "-Onone";
			};
			name = Debug;
		};
		2C9CB44C2C8AA71A000410C6 /* Release */ = {
			isa = XCBuildConfiguration;
			buildSettings = {
				ALWAYS_SEARCH_USER_PATHS = NO;
				ASSETCATALOG_COMPILER_GENERATE_SWIFT_ASSET_SYMBOL_EXTENSIONS = YES;
				CLANG_ANALYZER_NONNULL = YES;
				CLANG_ANALYZER_NUMBER_OBJECT_CONVERSION = YES_AGGRESSIVE;
				CLANG_CXX_LANGUAGE_STANDARD = "gnu++20";
				CLANG_ENABLE_MODULES = YES;
				CLANG_ENABLE_OBJC_ARC = YES;
				CLANG_ENABLE_OBJC_WEAK = YES;
				CLANG_WARN_BLOCK_CAPTURE_AUTORELEASING = YES;
				CLANG_WARN_BOOL_CONVERSION = YES;
				CLANG_WARN_COMMA = YES;
				CLANG_WARN_CONSTANT_CONVERSION = YES;
				CLANG_WARN_DEPRECATED_OBJC_IMPLEMENTATIONS = YES;
				CLANG_WARN_DIRECT_OBJC_ISA_USAGE = YES_ERROR;
				CLANG_WARN_DOCUMENTATION_COMMENTS = YES;
				CLANG_WARN_EMPTY_BODY = YES;
				CLANG_WARN_ENUM_CONVERSION = YES;
				CLANG_WARN_INFINITE_RECURSION = YES;
				CLANG_WARN_INT_CONVERSION = YES;
				CLANG_WARN_NON_LITERAL_NULL_CONVERSION = YES;
				CLANG_WARN_OBJC_IMPLICIT_RETAIN_SELF = YES;
				CLANG_WARN_OBJC_LITERAL_CONVERSION = YES;
				CLANG_WARN_OBJC_ROOT_CLASS = YES_ERROR;
				CLANG_WARN_QUOTED_INCLUDE_IN_FRAMEWORK_HEADER = YES;
				CLANG_WARN_RANGE_LOOP_ANALYSIS = YES;
				CLANG_WARN_STRICT_PROTOTYPES = YES;
				CLANG_WARN_SUSPICIOUS_MOVE = YES;
				CLANG_WARN_UNGUARDED_AVAILABILITY = YES_AGGRESSIVE;
				CLANG_WARN_UNREACHABLE_CODE = YES;
				CLANG_WARN__DUPLICATE_METHOD_MATCH = YES;
				COPY_PHASE_STRIP = NO;
				DEAD_CODE_STRIPPING = YES;
				DEBUG_INFORMATION_FORMAT = "dwarf-with-dsym";
				DEVELOPMENT_TEAM = ZRT8ZB9565;
				ENABLE_NS_ASSERTIONS = NO;
				ENABLE_STRICT_OBJC_MSGSEND = YES;
				ENABLE_USER_SCRIPT_SANDBOXING = YES;
				GCC_C_LANGUAGE_STANDARD = gnu17;
				GCC_NO_COMMON_BLOCKS = YES;
				GCC_WARN_64_TO_32_BIT_CONVERSION = YES;
				GCC_WARN_ABOUT_RETURN_TYPE = YES_ERROR;
				GCC_WARN_UNDECLARED_SELECTOR = YES;
				GCC_WARN_UNINITIALIZED_AUTOS = YES_AGGRESSIVE;
				GCC_WARN_UNUSED_FUNCTION = YES;
				GCC_WARN_UNUSED_VARIABLE = YES;
				LOCALIZATION_PREFERS_STRING_CATALOGS = YES;
				MACOSX_DEPLOYMENT_TARGET = 14.5;
				MTL_ENABLE_DEBUG_INFO = NO;
				MTL_FAST_MATH = YES;
				SDKROOT = macosx;
				SWIFT_COMPILATION_MODE = wholemodule;
			};
			name = Release;
		};
		2C9CB44E2C8AA71A000410C6 /* Debug */ = {
			isa = XCBuildConfiguration;
			buildSettings = {
				ASSETCATALOG_COMPILER_ALTERNATE_APPICON_NAMES = "";
				ASSETCATALOG_COMPILER_APPICON_NAME = AppIcon;
				ASSETCATALOG_COMPILER_GLOBAL_ACCENT_COLOR_NAME = AccentColor;
				CODE_SIGN_ENTITLEMENTS = CopyBoard/CopyBoard.entitlements;
				"CODE_SIGN_IDENTITY[sdk=macosx*]" = "Apple Development";
				CODE_SIGN_STYLE = Automatic;
				COMBINE_HIDPI_IMAGES = YES;
				CURRENT_PROJECT_VERSION = 1;
				DEAD_CODE_STRIPPING = YES;
				ENABLE_HARDENED_RUNTIME = YES;
				GENERATE_INFOPLIST_FILE = YES;
				INFOPLIST_KEY_LSApplicationCategoryType = "public.app-category.developer-tools";
				INFOPLIST_KEY_NSHumanReadableCopyright = "";
				INFOPLIST_KEY_NSMainStoryboardFile = Main;
				INFOPLIST_KEY_NSPrincipalClass = NSApplication;
				LD_RUNPATH_SEARCH_PATHS = (
					"$(inherited)",
					"@executable_path/../Frameworks",
				);
				MARKETING_VERSION = 1.0;
				PRODUCT_BUNDLE_IDENTIFIER = erichung.CopyBoard;
				PRODUCT_NAME = "$(TARGET_NAME)";
				SWIFT_EMIT_LOC_STRINGS = YES;
				SWIFT_VERSION = 5.0;
			};
			name = Debug;
		};
		2C9CB44F2C8AA71A000410C6 /* Release */ = {
			isa = XCBuildConfiguration;
			buildSettings = {
				ASSETCATALOG_COMPILER_ALTERNATE_APPICON_NAMES = "";
				ASSETCATALOG_COMPILER_APPICON_NAME = AppIcon;
				ASSETCATALOG_COMPILER_GLOBAL_ACCENT_COLOR_NAME = AccentColor;
				CODE_SIGN_ENTITLEMENTS = CopyBoard/CopyBoard.entitlements;
				"CODE_SIGN_IDENTITY[sdk=macosx*]" = "Apple Development";
				CODE_SIGN_STYLE = Automatic;
				COMBINE_HIDPI_IMAGES = YES;
				CURRENT_PROJECT_VERSION = 1;
				DEAD_CODE_STRIPPING = YES;
				ENABLE_HARDENED_RUNTIME = YES;
				GENERATE_INFOPLIST_FILE = YES;
				INFOPLIST_KEY_LSApplicationCategoryType = "public.app-category.developer-tools";
				INFOPLIST_KEY_NSHumanReadableCopyright = "";
				INFOPLIST_KEY_NSMainStoryboardFile = Main;
				INFOPLIST_KEY_NSPrincipalClass = NSApplication;
				LD_RUNPATH_SEARCH_PATHS = (
					"$(inherited)",
					"@executable_path/../Frameworks",
				);
				MARKETING_VERSION = 1.0;
				PRODUCT_BUNDLE_IDENTIFIER = erichung.CopyBoard;
				PRODUCT_NAME = "$(TARGET_NAME)";
				SWIFT_EMIT_LOC_STRINGS = YES;
				SWIFT_VERSION = 5.0;
			};
			name = Release;
		};
		2C9CB4512C8AA71A000410C6 /* Debug */ = {
			isa = XCBuildConfiguration;
			buildSettings = {
				BUNDLE_LOADER = "$(TEST_HOST)";
				CODE_SIGN_STYLE = Automatic;
				CURRENT_PROJECT_VERSION = 1;
				DEAD_CODE_STRIPPING = YES;
				GENERATE_INFOPLIST_FILE = YES;
				MACOSX_DEPLOYMENT_TARGET = 14.5;
				MARKETING_VERSION = 1.0;
				PRODUCT_BUNDLE_IDENTIFIER = erichung.CopyBoardTests;
				PRODUCT_NAME = "$(TARGET_NAME)";
				SWIFT_EMIT_LOC_STRINGS = NO;
				SWIFT_VERSION = 5.0;
				TEST_HOST = "$(BUILT_PRODUCTS_DIR)/CopyBoard.app/$(BUNDLE_EXECUTABLE_FOLDER_PATH)/CopyBoard";
			};
			name = Debug;
		};
		2C9CB4522C8AA71A000410C6 /* Release */ = {
			isa = XCBuildConfiguration;
			buildSettings = {
				BUNDLE_LOADER = "$(TEST_HOST)";
				CODE_SIGN_STYLE = Automatic;
				CURRENT_PROJECT_VERSION = 1;
				DEAD_CODE_STRIPPING = YES;
				GENERATE_INFOPLIST_FILE = YES;
				MACOSX_DEPLOYMENT_TARGET = 14.5;
				MARKETING_VERSION = 1.0;
				PRODUCT_BUNDLE_IDENTIFIER = erichung.CopyBoardTests;
				PRODUCT_NAME = "$(TARGET_NAME)";
				SWIFT_EMIT_LOC_STRINGS = NO;
				SWIFT_VERSION = 5.0;
				TEST_HOST = "$(BUILT_PRODUCTS_DIR)/CopyBoard.app/$(BUNDLE_EXECUTABLE_FOLDER_PATH)/CopyBoard";
			};
			name = Release;
		};
		2C9CB4542C8AA71A000410C6 /* Debug */ = {
			isa = XCBuildConfiguration;
			buildSettings = {
				CODE_SIGN_STYLE = Automatic;
				CURRENT_PROJECT_VERSION = 1;
				DEAD_CODE_STRIPPING = YES;
				GENERATE_INFOPLIST_FILE = YES;
				MARKETING_VERSION = 1.0;
				PRODUCT_BUNDLE_IDENTIFIER = erichung.CopyBoardUITests;
				PRODUCT_NAME = "$(TARGET_NAME)";
				SWIFT_EMIT_LOC_STRINGS = NO;
				SWIFT_VERSION = 5.0;
				TEST_TARGET_NAME = CopyBoard;
			};
			name = Debug;
		};
		2C9CB4552C8AA71A000410C6 /* Release */ = {
			isa = XCBuildConfiguration;
			buildSettings = {
				CODE_SIGN_STYLE = Automatic;
				CURRENT_PROJECT_VERSION = 1;
				DEAD_CODE_STRIPPING = YES;
				GENERATE_INFOPLIST_FILE = YES;
				MARKETING_VERSION = 1.0;
				PRODUCT_BUNDLE_IDENTIFIER = erichung.CopyBoardUITests;
				PRODUCT_NAME = "$(TARGET_NAME)";
				SWIFT_EMIT_LOC_STRINGS = NO;
				SWIFT_VERSION = 5.0;
				TEST_TARGET_NAME = CopyBoard;
			};
			name = Release;
		};
/* End XCBuildConfiguration section */

/* Begin XCConfigurationList section */
		2C9CB4232C8AA719000410C6 /* Build configuration list for PBXProject "CopyBoard" */ = {
			isa = XCConfigurationList;
			buildConfigurations = (
				2C9CB44B2C8AA71A000410C6 /* Debug */,
				2C9CB44C2C8AA71A000410C6 /* Release */,
			);
			defaultConfigurationIsVisible = 0;
			defaultConfigurationName = Release;
		};
		2C9CB44D2C8AA71A000410C6 /* Build configuration list for PBXNativeTarget "CopyBoard" */ = {
			isa = XCConfigurationList;
			buildConfigurations = (
				2C9CB44E2C8AA71A000410C6 /* Debug */,
				2C9CB44F2C8AA71A000410C6 /* Release */,
			);
			defaultConfigurationIsVisible = 0;
			defaultConfigurationName = Release;
		};
		2C9CB4502C8AA71A000410C6 /* Build configuration list for PBXNativeTarget "CopyBoardTests" */ = {
			isa = XCConfigurationList;
			buildConfigurations = (
				2C9CB4512C8AA71A000410C6 /* Debug */,
				2C9CB4522C8AA71A000410C6 /* Release */,
			);
			defaultConfigurationIsVisible = 0;
			defaultConfigurationName = Release;
		};
		2C9CB4532C8AA71A000410C6 /* Build configuration list for PBXNativeTarget "CopyBoardUITests" */ = {
			isa = XCConfigurationList;
			buildConfigurations = (
				2C9CB4542C8AA71A000410C6 /* Debug */,
				2C9CB4552C8AA71A000410C6 /* Release */,
			);
			defaultConfigurationIsVisible = 0;
			defaultConfigurationName = Release;
		};
/* End XCConfigurationList section */
	};
	rootObject = 2C9CB4202C8AA719000410C6 /* Project object */;
}
